
Microsoft Visual Studio Solution File, Format Version 12.00
# Visual Studio Version 16
VisualStudioVersion = 16.0.29613.14
MinimumVisualStudioVersion = 10.0.40219.1
Project("{FAE04EC0-301F-11D3-BF4B-00C04F79EFBC}") = "BEngine2D", "BEngine2D.csproj", "{75FBA430-2A53-4F47-8DF9-73A6DD967212}"
EndProject
Project("{FAE04EC0-301F-11D3-BF4B-00C04F79EFBC}") = "BTest", "..\BTest\BTest.csproj", "{3A4800B3-2A5A-4379-AFE0-BEBEB234B17B}"
EndProject
Project("{FAE04EC0-301F-11D3-BF4B-00C04F79EFBC}") = "BExampleGame", "..\BExampleGame\BExampleGame.csproj", "{A1CBF988-4BA4-429F-A1E7-0D5E721DC9FD}"
EndProject
Global
	GlobalSection(SolutionConfigurationPlatforms) = preSolution
		Debug|Any CPU = Debug|Any CPU
		Release|Any CPU = Release|Any CPU
	EndGlobalSection
	GlobalSection(ProjectConfigurationPlatforms) = postSolution
		{75FBA430-2A53-4F47-8DF9-73A6DD967212}.Debug|Any CPU.ActiveCfg = Debug|Any CPU
		{75FBA430-2A53-4F47-8DF9-73A6DD967212}.Debug|Any CPU.Build.0 = Debug|Any CPU
		{75FBA430-2A53-4F47-8DF9-73A6DD967212}.Release|Any CPU.ActiveCfg = Release|Any CPU
		{75FBA430-2A53-4F47-8DF9-73A6DD967212}.Release|Any CPU.Build.0 = Release|Any CPU
		{3A4800B3-2A5A-4379-AFE0-BEBEB234B17B}.Debug|Any CPU.ActiveCfg = Debug|Any CPU
		{3A4800B3-2A5A-4379-AFE0-BEBEB234B17B}.Debug|Any CPU.Build.0 = Debug|Any CPU
		{3A4800B3-2A5A-4379-AFE0-BEBEB234B17B}.Release|Any CPU.ActiveCfg = Release|Any CPU
		{3A4800B3-2A5A-4379-AFE0-BEBEB234B17B}.Release|Any CPU.Build.0 = Release|Any CPU
		{A1CBF988-4BA4-429F-A1E7-0D5E721DC9FD}.Debug|Any CPU.ActiveCfg = Debug|Any CPU
		{A1CBF988-4BA4-429F-A1E7-0D5E721DC9FD}.Debug|Any CPU.Build.0 = Debug|Any CPU
		{A1CBF988-4BA4-429F-A1E7-0D5E721DC9FD}.Release|Any CPU.ActiveCfg = Release|Any CPU
		{A1CBF988-4BA4-429F-A1E7-0D5E721DC9FD}.Release|Any CPU.Build.0 = Release|Any CPU
	EndGlobalSection
	GlobalSection(SolutionProperties) = preSolution
		HideSolutionNode = FALSE
	EndGlobalSection
	GlobalSection(ExtensibilityGlobals) = postSolution
		SolutionGuid = {DEA6F5A6-107F-4A2B-9C64-666B4C5CAA39}
	EndGlobalSection
EndGlobal
